PODS:
  - Realm (3.7.6):
    - Realm/Headers (= 3.7.6)
  - Realm/Headers (3.7.6)
  - RealmSwift (3.7.6):
    - Realm (= 3.7.6)
  - SwiftyJSON (4.1.0)
  - TwitterCore (3.2.0)
  - TwitterKit (3.4.0):
    - TwitterCore (>= 3.1.0)

DEPENDENCIES:
  - RealmSwift
  - SwiftyJSON
  - TwitterKit

SPEC REPOS:
  https://github.com/cocoapods/specs.git:
    - Realm
    - RealmSwift
    - SwiftyJSON
    - TwitterCore
    - TwitterKit

SPEC CHECKSUMS:
  Realm: 9eaecad54712d6246d08ba34c10f354e4715d7d3
  RealmSwift: 1fe08b4ebaeeaacf17f9ba0343f7b25c9fc31fa6
  SwiftyJSON: c29297daf073d2aa016295d5809cdd68045c39b3
  TwitterCore: 8cbc9ad34d91c63a0035ea05bfbfc0d7ca72a28c
  TwitterKit: bc7bd086b9b724a1d888745a054e1d0b1ecc4f3f

PODFILE CHECKSUM: 7a088725eeb5942bba5326c17a4bb1bf6758ed05

COCOAPODS: 1.5.3
