// !$*UTF8*$!
{
	archiveVersion = 1;
	classes = {
	};
	objectVersion = 50;
	objects = {

/* Begin PBXBuildFile section */
		2B08F7CC21492A3600069BD2 /* Tweet.swift in Sources */ = {isa = PBXBuildFile; fileRef = 2B08F7CB21492A3600069BD2 /* Tweet.swift */; };
		2B0D6546214CEB5500F8D870 /* Twitter.plist in Resources */ = {isa = PBXBuildFile; fileRef = 2B0D6545214CEB5500F8D870 /* Twitter.plist */; };
		2B0D6548214CF14900F8D870 /* Twitter2.plist in Resources */ = {isa = PBXBuildFile; fileRef = 2B0D6547214CF14900F8D870 /* Twitter2.plist */; };
		2B4B3F022140D62100FFD636 /* TwitterTests.swift in Sources */ = {isa = PBXBuildFile; fileRef = 2B4B3F012140D62100FFD636 /* TwitterTests.swift */; };
		2B4B3F0D2140D62100FFD636 /* TwitterUITests.swift in Sources */ = {isa = PBXBuildFile; fileRef = 2B4B3F0C2140D62100FFD636 /* TwitterUITests.swift */; };
		2B4B3F222140D6F700FFD636 /* LaunchScreen.storyboard in Resources */ = {isa = PBXBuildFile; fileRef = 2B4B3F1B2140D6F700FFD636 /* LaunchScreen.storyboard */; };
		2B4B3F232140D6F700FFD636 /* Assets.xcassets in Resources */ = {isa = PBXBuildFile; fileRef = 2B4B3F1C2140D6F700FFD636 /* Assets.xcassets */; };
		2B4B3F272140D6F700FFD636 /* AppDelegate.swift in Sources */ = {isa = PBXBuildFile; fileRef = 2B4B3F212140D6F700FFD636 /* AppDelegate.swift */; };
		2B4B3F402140EC6A00FFD636 /* TabBarViewController.storyboard in Resources */ = {isa = PBXBuildFile; fileRef = 2B4B3F3F2140EC6A00FFD636 /* TabBarViewController.storyboard */; };
		2B4B3F422140ECFF00FFD636 /* TabBarViewController.swift in Sources */ = {isa = PBXBuildFile; fileRef = 2B4B3F412140ECFF00FFD636 /* TabBarViewController.swift */; };
		2B4B3F462140ED7100FFD636 /* TimeLineTableViewController.storyboard in Resources */ = {isa = PBXBuildFile; fileRef = 2B4B3F452140ED7100FFD636 /* TimeLineTableViewController.storyboard */; };
		2B4B3F482140ED9900FFD636 /* ProfileViewController.storyboard in Resources */ = {isa = PBXBuildFile; fileRef = 2B4B3F472140ED9900FFD636 /* ProfileViewController.storyboard */; };
		2B4B3F4A2140EDAA00FFD636 /* ProfileViewController.swift in Sources */ = {isa = PBXBuildFile; fileRef = 2B4B3F492140EDAA00FFD636 /* ProfileViewController.swift */; };
		2B4B3F4C2140EDF800FFD636 /* TimeLineTableViewController.swift in Sources */ = {isa = PBXBuildFile; fileRef = 2B4B3F4B2140EDF800FFD636 /* TimeLineTableViewController.swift */; };
		2B4B3F4F2140EE4000FFD636 /* TimeLineTableViewCell.swift in Sources */ = {isa = PBXBuildFile; fileRef = 2B4B3F4D2140EE4000FFD636 /* TimeLineTableViewCell.swift */; };
		2B4B3F502140EE4000FFD636 /* TimeLineTableViewCell.xib in Resources */ = {isa = PBXBuildFile; fileRef = 2B4B3F4E2140EE4000FFD636 /* TimeLineTableViewCell.xib */; };
		2B4D178E2146D68B006CBD36 /* StartViewController.storyboard in Resources */ = {isa = PBXBuildFile; fileRef = 2B4D178D2146D68B006CBD36 /* StartViewController.storyboard */; };
		2B562AF02149383000ABBC79 /* User.swift in Sources */ = {isa = PBXBuildFile; fileRef = 2B562AEF2149383000ABBC79 /* User.swift */; };
		2B562AF2214941B700ABBC79 /* JSONParser.swift in Sources */ = {isa = PBXBuildFile; fileRef = 2B562AF1214941B700ABBC79 /* JSONParser.swift */; };
		2B9F9E322142319300E26BC6 /* StartViewController.swift in Sources */ = {isa = PBXBuildFile; fileRef = 2B9F9E312142319300E26BC6 /* StartViewController.swift */; };
		2BED8BA721497F5F00C18BA2 /* TweetObject.swift in Sources */ = {isa = PBXBuildFile; fileRef = 2BED8BA621497F5F00C18BA2 /* TweetObject.swift */; };
		53E7F82BD27FE3486EDEDF22 /* Pods_TwitterUITests.framework in Frameworks */ = {isa = PBXBuildFile; fileRef = B2B518020C73E0B255CD42A5 /* Pods_TwitterUITests.framework */; };
		A7353AE7BADAB937F0229CEC /* Pods_TwitterTests.framework in Frameworks */ = {isa = PBXBuildFile; fileRef = 1FF25324C3C79DB180CC2A16 /* Pods_TwitterTests.framework */; };
		FABD65DCFD9820613DAA7DBB /* Pods_Twitter.framework in Frameworks */ = {isa = PBXBuildFile; fileRef = 0480D068A24DEF709EC97260 /* Pods_Twitter.framework */; };
/* End PBXBuildFile section */

/* Begin PBXContainerItemProxy section */
		2B4B3EFE2140D62100FFD636 /* PBXContainerItemProxy */ = {
			isa = PBXContainerItemProxy;
			containerPortal = 2B4B3EE12140D61E00FFD636 /* Project object */;
			proxyType = 1;
			remoteGlobalIDString = 2B4B3EE82140D61E00FFD636;
			remoteInfo = Twitter;
		};
		2B4B3F092140D62100FFD636 /* PBXContainerItemProxy */ = {
			isa = PBXContainerItemProxy;
			containerPortal = 2B4B3EE12140D61E00FFD636 /* Project object */;
			proxyType = 1;
			remoteGlobalIDString = 2B4B3EE82140D61E00FFD636;
			remoteInfo = Twitter;
		};
/* End PBXContainerItemProxy section */

/* Begin PBXFileReference section */
		0480D068A24DEF709EC97260 /* Pods_Twitter.framework */ = {isa = PBXFileReference; explicitFileType = wrapper.framework; includeInIndex = 0; path = Pods_Twitter.framework; sourceTree = BUILT_PRODUCTS_DIR; };
		1ADB322574F1D0F5551C6359 /* Pods-Twitter.release.xcconfig */ = {isa = PBXFileReference; includeInIndex = 1; lastKnownFileType = text.xcconfig; name = "Pods-Twitter.release.xcconfig"; path = "Pods/Target Support Files/Pods-Twitter/Pods-Twitter.release.xcconfig"; sourceTree = "<group>"; };
		1FF25324C3C79DB180CC2A16 /* Pods_TwitterTests.framework */ = {isa = PBXFileReference; explicitFileType = wrapper.framework; includeInIndex = 0; path = Pods_TwitterTests.framework; sourceTree = BUILT_PRODUCTS_DIR; };
		2AE3EC67E0798187B66D0524 /* Pods-TwitterUITests.release.xcconfig */ = {isa = PBXFileReference; includeInIndex = 1; lastKnownFileType = text.xcconfig; name = "Pods-TwitterUITests.release.xcconfig"; path = "Pods/Target Support Files/Pods-TwitterUITests/Pods-TwitterUITests.release.xcconfig"; sourceTree = "<group>"; };
		2B08F7CB21492A3600069BD2 /* Tweet.swift */ = {isa = PBXFileReference; lastKnownFileType = sourcecode.swift; path = Tweet.swift; sourceTree = "<group>"; };
		2B0D6545214CEB5500F8D870 /* Twitter.plist */ = {isa = PBXFileReference; lastKnownFileType = text.plist.xml; path = Twitter.plist; sourceTree = "<group>"; };
		2B0D6547214CF14900F8D870 /* Twitter2.plist */ = {isa = PBXFileReference; lastKnownFileType = text.plist.xml; path = Twitter2.plist; sourceTree = "<group>"; };
		2B4B3EE92140D61F00FFD636 /* Twitter.app */ = {isa = PBXFileReference; explicitFileType = wrapper.application; includeInIndex = 0; path = Twitter.app; sourceTree = BUILT_PRODUCTS_DIR; };
		2B4B3EFD2140D62100FFD636 /* TwitterTests.xctest */ = {isa = PBXFileReference; explicitFileType = wrapper.cfbundle; includeInIndex = 0; path = TwitterTests.xctest; sourceTree = BUILT_PRODUCTS_DIR; };
		2B4B3F012140D62100FFD636 /* TwitterTests.swift */ = {isa = PBXFileReference; lastKnownFileType = sourcecode.swift; path = TwitterTests.swift; sourceTree = "<group>"; };
		2B4B3F032140D62100FFD636 /* Info.plist */ = {isa = PBXFileReference; lastKnownFileType = text.plist.xml; path = Info.plist; sourceTree = "<group>"; };
		2B4B3F082140D62100FFD636 /* TwitterUITests.xctest */ = {isa = PBXFileReference; explicitFileType = wrapper.cfbundle; includeInIndex = 0; path = TwitterUITests.xctest; sourceTree = BUILT_PRODUCTS_DIR; };
		2B4B3F0C2140D62100FFD636 /* TwitterUITests.swift */ = {isa = PBXFileReference; lastKnownFileType = sourcecode.swift; path = TwitterUITests.swift; sourceTree = "<group>"; };
		2B4B3F0E2140D62100FFD636 /* Info.plist */ = {isa = PBXFileReference; lastKnownFileType = text.plist.xml; path = Info.plist; sourceTree = "<group>"; };
		2B4B3F1B2140D6F700FFD636 /* LaunchScreen.storyboard */ = {isa = PBXFileReference; fileEncoding = 4; lastKnownFileType = file.storyboard; path = LaunchScreen.storyboard; sourceTree = "<group>"; };
		2B4B3F1C2140D6F700FFD636 /* Assets.xcassets */ = {isa = PBXFileReference; lastKnownFileType = folder.assetcatalog; path = Assets.xcassets; sourceTree = "<group>"; };
		2B4B3F1D2140D6F700FFD636 /* info.plist */ = {isa = PBXFileReference; fileEncoding = 4; lastKnownFileType = text.plist.xml; path = info.plist; sourceTree = "<group>"; };
		2B4B3F212140D6F700FFD636 /* AppDelegate.swift */ = {isa = PBXFileReference; fileEncoding = 4; lastKnownFileType = sourcecode.swift; path = AppDelegate.swift; sourceTree = "<group>"; };
		2B4B3F292140E18000FFD636 /* TwitterCore.framework */ = {isa = PBXFileReference; lastKnownFileType = wrapper.framework; name = TwitterCore.framework; path = Carthage/Build/iOS/TwitterCore.framework; sourceTree = "<group>"; };
		2B4B3F2B2140E18E00FFD636 /* TwitterKit.framework */ = {isa = PBXFileReference; lastKnownFileType = wrapper.framework; name = TwitterKit.framework; path = Carthage/Build/iOS/TwitterKit.framework; sourceTree = "<group>"; };
		2B4B3F3F2140EC6A00FFD636 /* TabBarViewController.storyboard */ = {isa = PBXFileReference; lastKnownFileType = file.storyboard; path = TabBarViewController.storyboard; sourceTree = "<group>"; };
		2B4B3F412140ECFF00FFD636 /* TabBarViewController.swift */ = {isa = PBXFileReference; lastKnownFileType = sourcecode.swift; path = TabBarViewController.swift; sourceTree = "<group>"; };
		2B4B3F452140ED7100FFD636 /* TimeLineTableViewController.storyboard */ = {isa = PBXFileReference; lastKnownFileType = file.storyboard; path = TimeLineTableViewController.storyboard; sourceTree = "<group>"; };
		2B4B3F472140ED9900FFD636 /* ProfileViewController.storyboard */ = {isa = PBXFileReference; lastKnownFileType = file.storyboard; path = ProfileViewController.storyboard; sourceTree = "<group>"; };
		2B4B3F492140EDAA00FFD636 /* ProfileViewController.swift */ = {isa = PBXFileReference; lastKnownFileType = sourcecode.swift; path = ProfileViewController.swift; sourceTree = "<group>"; };
		2B4B3F4B2140EDF800FFD636 /* TimeLineTableViewController.swift */ = {isa = PBXFileReference; lastKnownFileType = sourcecode.swift; path = TimeLineTableViewController.swift; sourceTree = "<group>"; };
		2B4B3F4D2140EE4000FFD636 /* TimeLineTableViewCell.swift */ = {isa = PBXFileReference; lastKnownFileType = sourcecode.swift; path = TimeLineTableViewCell.swift; sourceTree = "<group>"; };
		2B4B3F4E2140EE4000FFD636 /* TimeLineTableViewCell.xib */ = {isa = PBXFileReference; lastKnownFileType = file.xib; path = TimeLineTableViewCell.xib; sourceTree = "<group>"; };
		2B4D178D2146D68B006CBD36 /* StartViewController.storyboard */ = {isa = PBXFileReference; lastKnownFileType = file.storyboard; path = StartViewController.storyboard; sourceTree = "<group>"; };
		2B562AEF2149383000ABBC79 /* User.swift */ = {isa = PBXFileReference; lastKnownFileType = sourcecode.swift; path = User.swift; sourceTree = "<group>"; };
		2B562AF1214941B700ABBC79 /* JSONParser.swift */ = {isa = PBXFileReference; lastKnownFileType = sourcecode.swift; path = JSONParser.swift; sourceTree = "<group>"; };
		2B9F9E312142319300E26BC6 /* StartViewController.swift */ = {isa = PBXFileReference; lastKnownFileType = sourcecode.swift; path = StartViewController.swift; sourceTree = "<group>"; };
		2BED8BA621497F5F00C18BA2 /* TweetObject.swift */ = {isa = PBXFileReference; lastKnownFileType = sourcecode.swift; path = TweetObject.swift; sourceTree = "<group>"; };
		4379861DBE230FECE72A8008 /* Pods-TwitterUITests.debug.xcconfig */ = {isa = PBXFileReference; includeInIndex = 1; lastKnownFileType = text.xcconfig; name = "Pods-TwitterUITests.debug.xcconfig"; path = "Pods/Target Support Files/Pods-TwitterUITests/Pods-TwitterUITests.debug.xcconfig"; sourceTree = "<group>"; };
		59DFC7D3580043F20F134CEF /* Pods-TwitterTests.debug.xcconfig */ = {isa = PBXFileReference; includeInIndex = 1; lastKnownFileType = text.xcconfig; name = "Pods-TwitterTests.debug.xcconfig"; path = "Pods/Target Support Files/Pods-TwitterTests/Pods-TwitterTests.debug.xcconfig"; sourceTree = "<group>"; };
		80A01147108487A16206EFE7 /* Pods-Twitter.debug.xcconfig */ = {isa = PBXFileReference; includeInIndex = 1; lastKnownFileType = text.xcconfig; name = "Pods-Twitter.debug.xcconfig"; path = "Pods/Target Support Files/Pods-Twitter/Pods-Twitter.debug.xcconfig"; sourceTree = "<group>"; };
		B2B518020C73E0B255CD42A5 /* Pods_TwitterUITests.framework */ = {isa = PBXFileReference; explicitFileType = wrapper.framework; includeInIndex = 0; path = Pods_TwitterUITests.framework; sourceTree = BUILT_PRODUCTS_DIR; };
		D49C844BC78E4388AF62E97C /* Pods-TwitterTests.release.xcconfig */ = {isa = PBXFileReference; includeInIndex = 1; lastKnownFileType = text.xcconfig; name = "Pods-TwitterTests.release.xcconfig"; path = "Pods/Target Support Files/Pods-TwitterTests/Pods-TwitterTests.release.xcconfig"; sourceTree = "<group>"; };
/* End PBXFileReference section */

/* Begin PBXFrameworksBuildPhase section */
		2B4B3EE62140D61E00FFD636 /* Frameworks */ = {
			isa = PBXFrameworksBuildPhase;
			buildActionMask = 2147483647;
			files = (
				FABD65DCFD9820613DAA7DBB /* Pods_Twitter.framework in Frameworks */,
			);
			runOnlyForDeploymentPostprocessing = 0;
		};
		2B4B3EFA2140D62100FFD636 /* Frameworks */ = {
			isa = PBXFrameworksBuildPhase;
			buildActionMask = 2147483647;
			files = (
				A7353AE7BADAB937F0229CEC /* Pods_TwitterTests.framework in Frameworks */,
			);
			runOnlyForDeploymentPostprocessing = 0;
		};
		2B4B3F052140D62100FFD636 /* Frameworks */ = {
			isa = PBXFrameworksBuildPhase;
			buildActionMask = 2147483647;
			files = (
				53E7F82BD27FE3486EDEDF22 /* Pods_TwitterUITests.framework in Frameworks */,
			);
			runOnlyForDeploymentPostprocessing = 0;
		};
/* End PBXFrameworksBuildPhase section */

/* Begin PBXGroup section */
		2B4B3EE02140D61E00FFD636 = {
			isa = PBXGroup;
			children = (
				2B4B3EEB2140D61F00FFD636 /* Twitter */,
				2B4B3F002140D62100FFD636 /* TwitterTests */,
				2B4B3F0B2140D62100FFD636 /* TwitterUITests */,
				2B4B3EEA2140D61F00FFD636 /* Products */,
				2B4B3F282140E18000FFD636 /* Frameworks */,
				4F07ACF3E4AF9DD61CFA6E45 /* Pods */,
			);
			sourceTree = "<group>";
		};
		2B4B3EEA2140D61F00FFD636 /* Products */ = {
			isa = PBXGroup;
			children = (
				2B4B3EE92140D61F00FFD636 /* Twitter.app */,
				2B4B3EFD2140D62100FFD636 /* TwitterTests.xctest */,
				2B4B3F082140D62100FFD636 /* TwitterUITests.xctest */,
			);
			name = Products;
			sourceTree = "<group>";
		};
		2B4B3EEB2140D61F00FFD636 /* Twitter */ = {
			isa = PBXGroup;
			children = (
				2B4B3F1A2140D6F700FFD636 /* Resources */,
				2B4B3F1E2140D6F700FFD636 /* Sources */,
			);
			path = Twitter;
			sourceTree = "<group>";
		};
		2B4B3F002140D62100FFD636 /* TwitterTests */ = {
			isa = PBXGroup;
			children = (
				2B4B3F012140D62100FFD636 /* TwitterTests.swift */,
				2B4B3F032140D62100FFD636 /* Info.plist */,
			);
			path = TwitterTests;
			sourceTree = "<group>";
		};
		2B4B3F0B2140D62100FFD636 /* TwitterUITests */ = {
			isa = PBXGroup;
			children = (
				2B4B3F0C2140D62100FFD636 /* TwitterUITests.swift */,
				2B4B3F0E2140D62100FFD636 /* Info.plist */,
			);
			path = TwitterUITests;
			sourceTree = "<group>";
		};
		2B4B3F1A2140D6F700FFD636 /* Resources */ = {
			isa = PBXGroup;
			children = (
				2B4B3F1B2140D6F700FFD636 /* LaunchScreen.storyboard */,
				2B4B3F1C2140D6F700FFD636 /* Assets.xcassets */,
				2B4B3F1D2140D6F700FFD636 /* info.plist */,
				2B0D6545214CEB5500F8D870 /* Twitter.plist */,
				2B0D6547214CF14900F8D870 /* Twitter2.plist */,
			);
			path = Resources;
			sourceTree = "<group>";
		};
		2B4B3F1E2140D6F700FFD636 /* Sources */ = {
			isa = PBXGroup;
			children = (
				2B4B3F212140D6F700FFD636 /* AppDelegate.swift */,
				2B4B3F3C2140EBFF00FFD636 /* Controllers */,
				2B4B3F3D2140EC1F00FFD636 /* Models */,
			);
			path = Sources;
			sourceTree = "<group>";
		};
		2B4B3F282140E18000FFD636 /* Frameworks */ = {
			isa = PBXGroup;
			children = (
				2B4B3F2B2140E18E00FFD636 /* TwitterKit.framework */,
				2B4B3F292140E18000FFD636 /* TwitterCore.framework */,
				0480D068A24DEF709EC97260 /* Pods_Twitter.framework */,
				1FF25324C3C79DB180CC2A16 /* Pods_TwitterTests.framework */,
				B2B518020C73E0B255CD42A5 /* Pods_TwitterUITests.framework */,
			);
			name = Frameworks;
			sourceTree = "<group>";
		};
		2B4B3F3C2140EBFF00FFD636 /* Controllers */ = {
			isa = PBXGroup;
			children = (
				2B9F9E2E2142314C00E26BC6 /* Start */,
				2B4B3F3E2140EC5400FFD636 /* TabBar */,
				2B4B3F432140ED0C00FFD636 /* TImeLine */,
				2B4B3F442140ED2500FFD636 /* Profile */,
			);
			path = Controllers;
			sourceTree = "<group>";
		};
		2B4B3F3D2140EC1F00FFD636 /* Models */ = {
			isa = PBXGroup;
			children = (
				2B08F7CB21492A3600069BD2 /* Tweet.swift */,
				2B562AEF2149383000ABBC79 /* User.swift */,
				2B562AF1214941B700ABBC79 /* JSONParser.swift */,
				2BED8BA621497F5F00C18BA2 /* TweetObject.swift */,
			);
			path = Models;
			sourceTree = "<group>";
		};
		2B4B3F3E2140EC5400FFD636 /* TabBar */ = {
			isa = PBXGroup;
			children = (
				2B4B3F3F2140EC6A00FFD636 /* TabBarViewController.storyboard */,
				2B4B3F412140ECFF00FFD636 /* TabBarViewController.swift */,
			);
			path = TabBar;
			sourceTree = "<group>";
		};
		2B4B3F432140ED0C00FFD636 /* TImeLine */ = {
			isa = PBXGroup;
			children = (
				2B4B3F452140ED7100FFD636 /* TimeLineTableViewController.storyboard */,
				2B4B3F4B2140EDF800FFD636 /* TimeLineTableViewController.swift */,
				2B4B3F4D2140EE4000FFD636 /* TimeLineTableViewCell.swift */,
				2B4B3F4E2140EE4000FFD636 /* TimeLineTableViewCell.xib */,
			);
			path = TImeLine;
			sourceTree = "<group>";
		};
		2B4B3F442140ED2500FFD636 /* Profile */ = {
			isa = PBXGroup;
			children = (
				2B4B3F472140ED9900FFD636 /* ProfileViewController.storyboard */,
				2B4B3F492140EDAA00FFD636 /* ProfileViewController.swift */,
			);
			path = Profile;
			sourceTree = "<group>";
		};
		2B9F9E2E2142314C00E26BC6 /* Start */ = {
			isa = PBXGroup;
			children = (
				2B4D178D2146D68B006CBD36 /* StartViewController.storyboard */,
				2B9F9E312142319300E26BC6 /* StartViewController.swift */,
			);
			path = Start;
			sourceTree = "<group>";
		};
		4F07ACF3E4AF9DD61CFA6E45 /* Pods */ = {
			isa = PBXGroup;
			children = (
				80A01147108487A16206EFE7 /* Pods-Twitter.debug.xcconfig */,
				1ADB322574F1D0F5551C6359 /* Pods-Twitter.release.xcconfig */,
				59DFC7D3580043F20F134CEF /* Pods-TwitterTests.debug.xcconfig */,
				D49C844BC78E4388AF62E97C /* Pods-TwitterTests.release.xcconfig */,
				4379861DBE230FECE72A8008 /* Pods-TwitterUITests.debug.xcconfig */,
				2AE3EC67E0798187B66D0524 /* Pods-TwitterUITests.release.xcconfig */,
			);
			name = Pods;
			sourceTree = "<group>";
		};
/* End PBXGroup section */

/* Begin PBXNativeTarget section */
		2B4B3EE82140D61E00FFD636 /* Twitter */ = {
			isa = PBXNativeTarget;
			buildConfigurationList = 2B4B3F112140D62100FFD636 /* Build configuration list for PBXNativeTarget "Twitter" */;
			buildPhases = (
				5F29E03E5FC250E2020DB20B /* [CP] Check Pods Manifest.lock */,
				2B4B3EE52140D61E00FFD636 /* Sources */,
				2B4B3EE62140D61E00FFD636 /* Frameworks */,
				2B4B3EE72140D61E00FFD636 /* Resources */,
				DEB85162149407AFE99B8A82 /* [CP] Embed Pods Frameworks */,
				9429750D836502B60CBA2834 /* [CP] Copy Pods Resources */,
			);
			buildRules = (
			);
			dependencies = (
			);
			name = Twitter;
			productName = Twitter;
			productReference = 2B4B3EE92140D61F00FFD636 /* Twitter.app */;
			productType = "com.apple.product-type.application";
		};
		2B4B3EFC2140D62100FFD636 /* TwitterTests */ = {
			isa = PBXNativeTarget;
			buildConfigurationList = 2B4B3F142140D62100FFD636 /* Build configuration list for PBXNativeTarget "TwitterTests" */;
			buildPhases = (
				34A5D27BFEF014A7781BD966 /* [CP] Check Pods Manifest.lock */,
				2B4B3EF92140D62100FFD636 /* Sources */,
				2B4B3EFA2140D62100FFD636 /* Frameworks */,
				2B4B3EFB2140D62100FFD636 /* Resources */,
			);
			buildRules = (
			);
			dependencies = (
				2B4B3EFF2140D62100FFD636 /* PBXTargetDependency */,
			);
			name = TwitterTests;
			productName = TwitterTests;
			productReference = 2B4B3EFD2140D62100FFD636 /* TwitterTests.xctest */;
			productType = "com.apple.product-type.bundle.unit-test";
		};
		2B4B3F072140D62100FFD636 /* TwitterUITests */ = {
			isa = PBXNativeTarget;
			buildConfigurationList = 2B4B3F172140D62100FFD636 /* Build configuration list for PBXNativeTarget "TwitterUITests" */;
			buildPhases = (
				9C30B6FDDDC759C823C1ECFF /* [CP] Check Pods Manifest.lock */,
				2B4B3F042140D62100FFD636 /* Sources */,
				2B4B3F052140D62100FFD636 /* Frameworks */,
				2B4B3F062140D62100FFD636 /* Resources */,
			);
			buildRules = (
			);
			dependencies = (
				2B4B3F0A2140D62100FFD636 /* PBXTargetDependency */,
			);
			name = TwitterUITests;
			productName = TwitterUITests;
			productReference = 2B4B3F082140D62100FFD636 /* TwitterUITests.xctest */;
			productType = "com.apple.product-type.bundle.ui-testing";
		};
/* End PBXNativeTarget section */

/* Begin PBXProject section */
		2B4B3EE12140D61E00FFD636 /* Project object */ = {
			isa = PBXProject;
			attributes = {
				LastSwiftUpdateCheck = 0940;
				LastUpgradeCheck = 0940;
				ORGANIZATIONNAME = "Satoshi Komatsu";
				TargetAttributes = {
					2B4B3EE82140D61E00FFD636 = {
						CreatedOnToolsVersion = 9.4.1;
					};
					2B4B3EFC2140D62100FFD636 = {
						CreatedOnToolsVersion = 9.4.1;
						TestTargetID = 2B4B3EE82140D61E00FFD636;
					};
					2B4B3F072140D62100FFD636 = {
						CreatedOnToolsVersion = 9.4.1;
						TestTargetID = 2B4B3EE82140D61E00FFD636;
					};
				};
			};
			buildConfigurationList = 2B4B3EE42140D61E00FFD636 /* Build configuration list for PBXProject "Twitter" */;
			compatibilityVersion = "Xcode 9.3";
			developmentRegion = en;
			hasScannedForEncodings = 0;
			knownRegions = (
				en,
				Base,
			);
			mainGroup = 2B4B3EE02140D61E00FFD636;
			productRefGroup = 2B4B3EEA2140D61F00FFD636 /* Products */;
			projectDirPath = "";
			projectRoot = "";
			targets = (
				2B4B3EE82140D61E00FFD636 /* Twitter */,
				2B4B3EFC2140D62100FFD636 /* TwitterTests */,
				2B4B3F072140D62100FFD636 /* TwitterUITests */,
			);
		};
/* End PBXProject section */

/* Begin PBXResourcesBuildPhase section */
		2B4B3EE72140D61E00FFD636 /* Resources */ = {
			isa = PBXResourcesBuildPhase;
			buildActionMask = 2147483647;
			files = (
				2B4B3F502140EE4000FFD636 /* TimeLineTableViewCell.xib in Resources */,
				2B4B3F482140ED9900FFD636 /* ProfileViewController.storyboard in Resources */,
				2B0D6546214CEB5500F8D870 /* Twitter.plist in Resources */,
				2B4D178E2146D68B006CBD36 /* StartViewController.storyboard in Resources */,
				2B4B3F232140D6F700FFD636 /* Assets.xcassets in Resources */,
				2B0D6548214CF14900F8D870 /* Twitter2.plist in Resources */,
				2B4B3F462140ED7100FFD636 /* TimeLineTableViewController.storyboard in Resources */,
				2B4B3F402140EC6A00FFD636 /* TabBarViewController.storyboard in Resources */,
				2B4B3F222140D6F700FFD636 /* LaunchScreen.storyboard in Resources */,
			);
			runOnlyForDeploymentPostprocessing = 0;
		};
		2B4B3EFB2140D62100FFD636 /* Resources */ = {
			isa = PBXResourcesBuildPhase;
			buildActionMask = 2147483647;
			files = (
			);
			runOnlyForDeploymentPostprocessing = 0;
		};
		2B4B3F062140D62100FFD636 /* Resources */ = {
			isa = PBXResourcesBuildPhase;
			buildActionMask = 2147483647;
			files = (
			);
			runOnlyForDeploymentPostprocessing = 0;
		};
/* End PBXResourcesBuildPhase section */

/* Begin PBXShellScriptBuildPhase section */
		34A5D27BFEF014A7781BD966 /* [CP] Check Pods Manifest.lock */ = {
			isa = PBXShellScriptBuildPhase;
			buildActionMask = 2147483647;
			files = (
			);
			inputPaths = (
				"${PODS_PODFILE_DIR_PATH}/Podfile.lock",
				"${PODS_ROOT}/Manifest.lock",
			);
			name = "[CP] Check Pods Manifest.lock";
			outputPaths = (
				"$(DERIVED_FILE_DIR)/Pods-TwitterTests-checkManifestLockResult.txt",
			);
			runOnlyForDeploymentPostprocessing = 0;
			shellPath = /bin/sh;
			shellScript = "diff \"${PODS_PODFILE_DIR_PATH}/Podfile.lock\" \"${PODS_ROOT}/Manifest.lock\" > /dev/null\nif [ $? != 0 ] ; then\n    # print error to STDERR\n    echo \"error: The sandbox is not in sync with the Podfile.lock. Run 'pod install' or update your CocoaPods installation.\" >&2\n    exit 1\nfi\n# This output is used by Xcode 'outputs' to avoid re-running this script phase.\necho \"SUCCESS\" > \"${SCRIPT_OUTPUT_FILE_0}\"\n";
			showEnvVarsInLog = 0;
		};
		5F29E03E5FC250E2020DB20B /* [CP] Check Pods Manifest.lock */ = {
			isa = PBXShellScriptBuildPhase;
			buildActionMask = 2147483647;
			files = (
			);
			inputPaths = (
				"${PODS_PODFILE_DIR_PATH}/Podfile.lock",
				"${PODS_ROOT}/Manifest.lock",
			);
			name = "[CP] Check Pods Manifest.lock";
			outputPaths = (
				"$(DERIVED_FILE_DIR)/Pods-Twitter-checkManifestLockResult.txt",
			);
			runOnlyForDeploymentPostprocessing = 0;
			shellPath = /bin/sh;
			shellScript = "diff \"${PODS_PODFILE_DIR_PATH}/Podfile.lock\" \"${PODS_ROOT}/Manifest.lock\" > /dev/null\nif [ $? != 0 ] ; then\n    # print error to STDERR\n    echo \"error: The sandbox is not in sync with the Podfile.lock. Run 'pod install' or update your CocoaPods installation.\" >&2\n    exit 1\nfi\n# This output is used by Xcode 'outputs' to avoid re-running this script phase.\necho \"SUCCESS\" > \"${SCRIPT_OUTPUT_FILE_0}\"\n";
			showEnvVarsInLog = 0;
		};
		9429750D836502B60CBA2834 /* [CP] Copy Pods Resources */ = {
			isa = PBXShellScriptBuildPhase;
			buildActionMask = 2147483647;
			files = (
			);
			inputPaths = (
				"${SRCROOT}/Pods/Target Support Files/Pods-Twitter/Pods-Twitter-resources.sh",
				"${PODS_ROOT}/TwitterKit/iOS/TwitterKit.framework/TwitterKitResources.bundle",
			);
			name = "[CP] Copy Pods Resources";
			outputPaths = (
				"${TARGET_BUILD_DIR}/${UNLOCALIZED_RESOURCES_FOLDER_PATH}/TwitterKitResources.bundle",
			);
			runOnlyForDeploymentPostprocessing = 0;
			shellPath = /bin/sh;
			shellScript = "\"${SRCROOT}/Pods/Target Support Files/Pods-Twitter/Pods-Twitter-resources.sh\"\n";
			showEnvVarsInLog = 0;
		};
		9C30B6FDDDC759C823C1ECFF /* [CP] Check Pods Manifest.lock */ = {
			isa = PBXShellScriptBuildPhase;
			buildActionMask = 2147483647;
			files = (
			);
			inputPaths = (
				"${PODS_PODFILE_DIR_PATH}/Podfile.lock",
				"${PODS_ROOT}/Manifest.lock",
			);
			name = "[CP] Check Pods Manifest.lock";
			outputPaths = (
				"$(DERIVED_FILE_DIR)/Pods-TwitterUITests-checkManifestLockResult.txt",
			);
			runOnlyForDeploymentPostprocessing = 0;
			shellPath = /bin/sh;
			shellScript = "diff \"${PODS_PODFILE_DIR_PATH}/Podfile.lock\" \"${PODS_ROOT}/Manifest.lock\" > /dev/null\nif [ $? != 0 ] ; then\n    # print error to STDERR\n    echo \"error: The sandbox is not in sync with the Podfile.lock. Run 'pod install' or update your CocoaPods installation.\" >&2\n    exit 1\nfi\n# This output is used by Xcode 'outputs' to avoid re-running this script phase.\necho \"SUCCESS\" > \"${SCRIPT_OUTPUT_FILE_0}\"\n";
			showEnvVarsInLog = 0;
		};
		DEB85162149407AFE99B8A82 /* [CP] Embed Pods Frameworks */ = {
			isa = PBXShellScriptBuildPhase;
			buildActionMask = 2147483647;
			files = (
			);
			inputPaths = (
				"${SRCROOT}/Pods/Target Support Files/Pods-Twitter/Pods-Twitter-frameworks.sh",
				"${BUILT_PRODUCTS_DIR}/Realm/Realm.framework",
				"${BUILT_PRODUCTS_DIR}/RealmSwift/RealmSwift.framework",
				"${BUILT_PRODUCTS_DIR}/SwiftyJSON/SwiftyJSON.framework",
				"${PODS_ROOT}/TwitterCore/iOS/TwitterCore.framework",
				"${PODS_ROOT}/TwitterKit/iOS/TwitterKit.framework",
			);
			name = "[CP] Embed Pods Frameworks";
			outputPaths = (
				"${TARGET_BUILD_DIR}/${FRAMEWORKS_FOLDER_PATH}/Realm.framework",
				"${TARGET_BUILD_DIR}/${FRAMEWORKS_FOLDER_PATH}/RealmSwift.framework",
				"${TARGET_BUILD_DIR}/${FRAMEWORKS_FOLDER_PATH}/SwiftyJSON.framework",
				"${TARGET_BUILD_DIR}/${FRAMEWORKS_FOLDER_PATH}/TwitterCore.framework",
				"${TARGET_BUILD_DIR}/${FRAMEWORKS_FOLDER_PATH}/TwitterKit.framework",
			);
			runOnlyForDeploymentPostprocessing = 0;
			shellPath = /bin/sh;
			shellScript = "\"${SRCROOT}/Pods/Target Support Files/Pods-Twitter/Pods-Twitter-frameworks.sh\"\n";
			showEnvVarsInLog = 0;
		};
/* End PBXShellScriptBuildPhase section */

/* Begin PBXSourcesBuildPhase section */
		2B4B3EE52140D61E00FFD636 /* Sources */ = {
			isa = PBXSourcesBuildPhase;
			buildActionMask = 2147483647;
			files = (
				2B4B3F272140D6F700FFD636 /* AppDelegate.swift in Sources */,
				2B08F7CC21492A3600069BD2 /* Tweet.swift in Sources */,
				2B4B3F422140ECFF00FFD636 /* TabBarViewController.swift in Sources */,
				2B562AF2214941B700ABBC79 /* JSONParser.swift in Sources */,
				2BED8BA721497F5F00C18BA2 /* TweetObject.swift in Sources */,
				2B562AF02149383000ABBC79 /* User.swift in Sources */,
				2B4B3F4A2140EDAA00FFD636 /* ProfileViewController.swift in Sources */,
				2B4B3F4C2140EDF800FFD636 /* TimeLineTableViewController.swift in Sources */,
				2B4B3F4F2140EE4000FFD636 /* TimeLineTableViewCell.swift in Sources */,
				2B9F9E322142319300E26BC6 /* StartViewController.swift in Sources */,
			);
			runOnlyForDeploymentPostprocessing = 0;
		};
		2B4B3EF92140D62100FFD636 /* Sources */ = {
			isa = PBXSourcesBuildPhase;
			buildActionMask = 2147483647;
			files = (
				2B4B3F022140D62100FFD636 /* TwitterTests.swift in Sources */,
			);
			runOnlyForDeploymentPostprocessing = 0;
		};
		2B4B3F042140D62100FFD636 /* Sources */ = {
			isa = PBXSourcesBuildPhase;
			buildActionMask = 2147483647;
			files = (
				2B4B3F0D2140D62100FFD636 /* TwitterUITests.swift in Sources */,
			);
			runOnlyForDeploymentPostprocessing = 0;
		};
/* End PBXSourcesBuildPhase section */

/* Begin PBXTargetDependency section */
		2B4B3EFF2140D62100FFD636 /* PBXTargetDependency */ = {
			isa = PBXTargetDependency;
			target = 2B4B3EE82140D61E00FFD636 /* Twitter */;
			targetProxy = 2B4B3EFE2140D62100FFD636 /* PBXContainerItemProxy */;
		};
		2B4B3F0A2140D62100FFD636 /* PBXTargetDependency */ = {
			isa = PBXTargetDependency;
			target = 2B4B3EE82140D61E00FFD636 /* Twitter */;
			targetProxy = 2B4B3F092140D62100FFD636 /* PBXContainerItemProxy */;
		};
/* End PBXTargetDependency section */

/* Begin XCBuildConfiguration section */
		2B4B3F0F2140D62100FFD636 /* Debug */ = {
			isa = XCBuildConfiguration;
			buildSettings = {
				ALWAYS_SEARCH_USER_PATHS = NO;
				CLANG_ANALYZER_NONNULL = YES;
				CLANG_ANALYZER_NUMBER_OBJECT_CONVERSION = YES_AGGRESSIVE;
				CLANG_CXX_LANGUAGE_STANDARD = "gnu++14";
				CLANG_CXX_LIBRARY = "libc++";
				CLANG_ENABLE_MODULES = YES;
				CLANG_ENABLE_OBJC_ARC = YES;
				CLANG_ENABLE_OBJC_WEAK = YES;
				CLANG_WARN_BLOCK_CAPTURE_AUTORELEASING = YES;
				CLANG_WARN_BOOL_CONVERSION = YES;
				CLANG_WARN_COMMA = YES;
				CLANG_WARN_CONSTANT_CONVERSION = YES;
				CLANG_WARN_DEPRECATED_OBJC_IMPLEMENTATIONS = YES;
				CLANG_WARN_DIRECT_OBJC_ISA_USAGE = YES_ERROR;
				CLANG_WARN_DOCUMENTATION_COMMENTS = YES;
				CLANG_WARN_EMPTY_BODY = YES;
				CLANG_WARN_ENUM_CONVERSION = YES;
				CLANG_WARN_INFINITE_RECURSION = YES;
				CLANG_WARN_INT_CONVERSION = YES;
				CLANG_WARN_NON_LITERAL_NULL_CONVERSION = YES;
				CLANG_WARN_OBJC_IMPLICIT_RETAIN_SELF = YES;
				CLANG_WARN_OBJC_LITERAL_CONVERSION = YES;
				CLANG_WARN_OBJC_ROOT_CLASS = YES_ERROR;
				CLANG_WARN_RANGE_LOOP_ANALYSIS = YES;
				CLANG_WARN_STRICT_PROTOTYPES = YES;
				CLANG_WARN_SUSPICIOUS_MOVE = YES;
				CLANG_WARN_UNGUARDED_AVAILABILITY = YES_AGGRESSIVE;
				CLANG_WARN_UNREACHABLE_CODE = YES;
				CLANG_WARN__DUPLICATE_METHOD_MATCH = YES;
				CODE_SIGN_IDENTITY = "iPhone Developer";
				COPY_PHASE_STRIP = NO;
				DEBUG_INFORMATION_FORMAT = dwarf;
				ENABLE_STRICT_OBJC_MSGSEND = YES;
				ENABLE_TESTABILITY = YES;
				GCC_C_LANGUAGE_STANDARD = gnu11;
				GCC_DYNAMIC_NO_PIC = NO;
				GCC_NO_COMMON_BLOCKS = YES;
				GCC_OPTIMIZATION_LEVEL = 0;
				GCC_PREPROCESSOR_DEFINITIONS = (
					"DEBUG=1",
					"$(inherited)",
				);
				GCC_WARN_64_TO_32_BIT_CONVERSION = YES;
				GCC_WARN_ABOUT_RETURN_TYPE = YES_ERROR;
				GCC_WARN_UNDECLARED_SELECTOR = YES;
				GCC_WARN_UNINITIALIZED_AUTOS = YES_AGGRESSIVE;
				GCC_WARN_UNUSED_FUNCTION = YES;
				GCC_WARN_UNUSED_VARIABLE = YES;
				IPHONEOS_DEPLOYMENT_TARGET = 11.4;
				MTL_ENABLE_DEBUG_INFO = YES;
				ONLY_ACTIVE_ARCH = YES;
				SDKROOT = iphoneos;
				SWIFT_ACTIVE_COMPILATION_CONDITIONS = DEBUG;
				SWIFT_OPTIMIZATION_LEVEL = "-Onone";
			};
			name = Debug;
		};
		2B4B3F102140D62100FFD636 /* Release */ = {
			isa = XCBuildConfiguration;
			buildSettings = {
				ALWAYS_SEARCH_USER_PATHS = NO;
				CLANG_ANALYZER_NONNULL = YES;
				CLANG_ANALYZER_NUMBER_OBJECT_CONVERSION = YES_AGGRESSIVE;
				CLANG_CXX_LANGUAGE_STANDARD = "gnu++14";
				CLANG_CXX_LIBRARY = "libc++";
				CLANG_ENABLE_MODULES = YES;
				CLANG_ENABLE_OBJC_ARC = YES;
				CLANG_ENABLE_OBJC_WEAK = YES;
				CLANG_WARN_BLOCK_CAPTURE_AUTORELEASING = YES;
				CLANG_WARN_BOOL_CONVERSION = YES;
				CLANG_WARN_COMMA = YES;
				CLANG_WARN_CONSTANT_CONVERSION = YES;
				CLANG_WARN_DEPRECATED_OBJC_IMPLEMENTATIONS = YES;
				CLANG_WARN_DIRECT_OBJC_ISA_USAGE = YES_ERROR;
				CLANG_WARN_DOCUMENTATION_COMMENTS = YES;
				CLANG_WARN_EMPTY_BODY = YES;
				CLANG_WARN_ENUM_CONVERSION = YES;
				CLANG_WARN_INFINITE_RECURSION = YES;
				CLANG_WARN_INT_CONVERSION = YES;
				CLANG_WARN_NON_LITERAL_NULL_CONVERSION = YES;
				CLANG_WARN_OBJC_IMPLICIT_RETAIN_SELF = YES;
				CLANG_WARN_OBJC_LITERAL_CONVERSION = YES;
				CLANG_WARN_OBJC_ROOT_CLASS = YES_ERROR;
				CLANG_WARN_RANGE_LOOP_ANALYSIS = YES;
				CLANG_WARN_STRICT_PROTOTYPES = YES;
				CLANG_WARN_SUSPICIOUS_MOVE = YES;
				CLANG_WARN_UNGUARDED_AVAILABILITY = YES_AGGRESSIVE;
				CLANG_WARN_UNREACHABLE_CODE = YES;
				CLANG_WARN__DUPLICATE_METHOD_MATCH = YES;
				CODE_SIGN_IDENTITY = "iPhone Developer";
				COPY_PHASE_STRIP = NO;
				DEBUG_INFORMATION_FORMAT = "dwarf-with-dsym";
				ENABLE_NS_ASSERTIONS = NO;
				ENABLE_STRICT_OBJC_MSGSEND = YES;
				GCC_C_LANGUAGE_STANDARD = gnu11;
				GCC_NO_COMMON_BLOCKS = YES;
				GCC_WARN_64_TO_32_BIT_CONVERSION = YES;
				GCC_WARN_ABOUT_RETURN_TYPE = YES_ERROR;
				GCC_WARN_UNDECLARED_SELECTOR = YES;
				GCC_WARN_UNINITIALIZED_AUTOS = YES_AGGRESSIVE;
				GCC_WARN_UNUSED_FUNCTION = YES;
				GCC_WARN_UNUSED_VARIABLE = YES;
				IPHONEOS_DEPLOYMENT_TARGET = 11.4;
				MTL_ENABLE_DEBUG_INFO = NO;
				SDKROOT = iphoneos;
				SWIFT_COMPILATION_MODE = wholemodule;
				SWIFT_OPTIMIZATION_LEVEL = "-O";
				VALIDATE_PRODUCT = YES;
			};
			name = Release;
		};
		2B4B3F122140D62100FFD636 /* Debug */ = {
			isa = XCBuildConfiguration;
			baseConfigurationReference = 80A01147108487A16206EFE7 /* Pods-Twitter.debug.xcconfig */;
			buildSettings = {
				ASSETCATALOG_COMPILER_APPICON_NAME = AppIcon;
				CODE_SIGN_STYLE = Automatic;
				DEVELOPMENT_TEAM = 56787CM63P;
				FRAMEWORK_SEARCH_PATHS = "$(inherited)";
				INFOPLIST_FILE = Twitter/Resources/Info.plist;
				IPHONEOS_DEPLOYMENT_TARGET = 11.0;
				LD_RUNPATH_SEARCH_PATHS = (
					"$(inherited)",
					"@executable_path/Frameworks",
				);
				PRODUCT_BUNDLE_IDENTIFIER = zhogehoge.Twitter;
				PRODUCT_NAME = "$(TARGET_NAME)";
				SWIFT_VERSION = 4.2;
				TARGETED_DEVICE_FAMILY = "1,2";
			};
			name = Debug;
		};
		2B4B3F132140D62100FFD636 /* Release */ = {
			isa = XCBuildConfiguration;
			baseConfigurationReference = 1ADB322574F1D0F5551C6359 /* Pods-Twitter.release.xcconfig */;
			buildSettings = {
				ASSETCATALOG_COMPILER_APPICON_NAME = AppIcon;
				CODE_SIGN_STYLE = Automatic;
				DEVELOPMENT_TEAM = 56787CM63P;
				FRAMEWORK_SEARCH_PATHS = "$(inherited)";
				INFOPLIST_FILE = Twitter/Resources/Info.plist;
				IPHONEOS_DEPLOYMENT_TARGET = 11.0;
				LD_RUNPATH_SEARCH_PATHS = (
					"$(inherited)",
					"@executable_path/Frameworks",
				);
				PRODUCT_BUNDLE_IDENTIFIER = zhogehoge.Twitter;
				PRODUCT_NAME = "$(TARGET_NAME)";
				SWIFT_VERSION = 4.2;
				TARGETED_DEVICE_FAMILY = "1,2";
			};
			name = Release;
		};
		2B4B3F152140D62100FFD636 /* Debug */ = {
			isa = XCBuildConfiguration;
			baseConfigurationReference = 59DFC7D3580043F20F134CEF /* Pods-TwitterTests.debug.xcconfig */;
			buildSettings = {
				ALWAYS_EMBED_SWIFT_STANDARD_LIBRARIES = YES;
				BUNDLE_LOADER = "$(TEST_HOST)";
				CODE_SIGN_STYLE = Automatic;
				INFOPLIST_FILE = TwitterTests/Info.plist;
				LD_RUNPATH_SEARCH_PATHS = (
					"$(inherited)",
					"@executable_path/Frameworks",
					"@loader_path/Frameworks",
				);
				PRODUCT_BUNDLE_IDENTIFIER = zhogehoge.TwitterTests;
				PRODUCT_NAME = "$(TARGET_NAME)";
				SWIFT_VERSION = 4.0;
				TARGETED_DEVICE_FAMILY = "1,2";
				TEST_HOST = "$(BUILT_PRODUCTS_DIR)/Twitter.app/Twitter";
			};
			name = Debug;
		};
		2B4B3F162140D62100FFD636 /* Release */ = {
			isa = XCBuildConfiguration;
			baseConfigurationReference = D49C844BC78E4388AF62E97C /* Pods-TwitterTests.release.xcconfig */;
			buildSettings = {
				ALWAYS_EMBED_SWIFT_STANDARD_LIBRARIES = YES;
				BUNDLE_LOADER = "$(TEST_HOST)";
				CODE_SIGN_STYLE = Automatic;
				INFOPLIST_FILE = TwitterTests/Info.plist;
				LD_RUNPATH_SEARCH_PATHS = (
					"$(inherited)",
					"@executable_path/Frameworks",
					"@loader_path/Frameworks",
				);
				PRODUCT_BUNDLE_IDENTIFIER = zhogehoge.TwitterTests;
				PRODUCT_NAME = "$(TARGET_NAME)";
				SWIFT_VERSION = 4.0;
				TARGETED_DEVICE_FAMILY = "1,2";
				TEST_HOST = "$(BUILT_PRODUCTS_DIR)/Twitter.app/Twitter";
			};
			name = Release;
		};
		2B4B3F182140D62100FFD636 /* Debug */ = {
			isa = XCBuildConfiguration;
			baseConfigurationReference = 4379861DBE230FECE72A8008 /* Pods-TwitterUITests.debug.xcconfig */;
			buildSettings = {
				ALWAYS_EMBED_SWIFT_STANDARD_LIBRARIES = YES;
				CODE_SIGN_STYLE = Automatic;
				INFOPLIST_FILE = TwitterUITests/Info.plist;
				LD_RUNPATH_SEARCH_PATHS = (
					"$(inherited)",
					"@executable_path/Frameworks",
					"@loader_path/Frameworks",
				);
				PRODUCT_BUNDLE_IDENTIFIER = zhogehoge.TwitterUITests;
				PRODUCT_NAME = "$(TARGET_NAME)";
				SWIFT_VERSION = 4.0;
				TARGETED_DEVICE_FAMILY = "1,2";
				TEST_TARGET_NAME = Twitter;
			};
			name = Debug;
		};
		2B4B3F192140D62100FFD636 /* Release */ = {
			isa = XCBuildConfiguration;
			baseConfigurationReference = 2AE3EC67E0798187B66D0524 /* Pods-TwitterUITests.release.xcconfig */;
			buildSettings = {
				ALWAYS_EMBED_SWIFT_STANDARD_LIBRARIES = YES;
				CODE_SIGN_STYLE = Automatic;
				INFOPLIST_FILE = TwitterUITests/Info.plist;
				LD_RUNPATH_SEARCH_PATHS = (
					"$(inherited)",
					"@executable_path/Frameworks",
					"@loader_path/Frameworks",
				);
				PRODUCT_BUNDLE_IDENTIFIER = zhogehoge.TwitterUITests;
				PRODUCT_NAME = "$(TARGET_NAME)";
				SWIFT_VERSION = 4.0;
				TARGETED_DEVICE_FAMILY = "1,2";
				TEST_TARGET_NAME = Twitter;
			};
			name = Release;
		};
/* End XCBuildConfiguration section */

/* Begin XCConfigurationList section */
		2B4B3EE42140D61E00FFD636 /* Build configuration list for PBXProject "Twitter" */ = {
			isa = XCConfigurationList;
			buildConfigurations = (
				2B4B3F0F2140D62100FFD636 /* Debug */,
				2B4B3F102140D62100FFD636 /* Release */,
			);
			defaultConfigurationIsVisible = 0;
			defaultConfigurationName = Release;
		};
		2B4B3F112140D62100FFD636 /* Build configuration list for PBXNativeTarget "Twitter" */ = {
			isa = XCConfigurationList;
			buildConfigurations = (
				2B4B3F122140D62100FFD636 /* Debug */,
				2B4B3F132140D62100FFD636 /* Release */,
			);
			defaultConfigurationIsVisible = 0;
			defaultConfigurationName = Release;
		};
		2B4B3F142140D62100FFD636 /* Build configuration list for PBXNativeTarget "TwitterTests" */ = {
			isa = XCConfigurationList;
			buildConfigurations = (
				2B4B3F152140D62100FFD636 /* Debug */,
				2B4B3F162140D62100FFD636 /* Release */,
			);
			defaultConfigurationIsVisible = 0;
			defaultConfigurationName = Release;
		};
		2B4B3F172140D62100FFD636 /* Build configuration list for PBXNativeTarget "TwitterUITests" */ = {
			isa = XCConfigurationList;
			buildConfigurations = (
				2B4B3F182140D62100FFD636 /* Debug */,
				2B4B3F192140D62100FFD636 /* Release */,
			);
			defaultConfigurationIsVisible = 0;
			defaultConfigurationName = Release;
		};
/* End XCConfigurationList section */
	};
	rootObject = 2B4B3EE12140D61E00FFD636 /* Project object */;
}
